// !$*UTF8*$!
{
	archiveVersion = 1;
	classes = {
	};
	objectVersion = 50;
	objects = {

/* Begin PBXBuildFile section */
		F420BAB8249AD243001E78A8 /* SettingsView.swift in Sources */ = {isa = PBXBuildFile; fileRef = F420BAB7249AD243001E78A8 /* SettingsView.swift */; };
		F4CCDDEF24996CF500AA7EBF /* AppDelegate.swift in Sources */ = {isa = PBXBuildFile; fileRef = F4CCDDEE24996CF500AA7EBF /* AppDelegate.swift */; };
		F4CCDDF124996CF500AA7EBF /* SceneDelegate.swift in Sources */ = {isa = PBXBuildFile; fileRef = F4CCDDF024996CF500AA7EBF /* SceneDelegate.swift */; };
		F4CCDDF324996CF500AA7EBF /* ContentView.swift in Sources */ = {isa = PBXBuildFile; fileRef = F4CCDDF224996CF500AA7EBF /* ContentView.swift */; };
		F4CCDDF524996CF900AA7EBF /* Assets.xcassets in Resources */ = {isa = PBXBuildFile; fileRef = F4CCDDF424996CF900AA7EBF /* Assets.xcassets */; };
		F4CCDDF824996CF900AA7EBF /* Preview Assets.xcassets in Resources */ = {isa = PBXBuildFile; fileRef = F4CCDDF724996CF900AA7EBF /* Preview Assets.xcassets */; };
		F4CCDDFB24996CF900AA7EBF /* LaunchScreen.storyboard in Resources */ = {isa = PBXBuildFile; fileRef = F4CCDDF924996CF900AA7EBF /* LaunchScreen.storyboard */; };
		F4CCDE052499709500AA7EBF /* quotes.json in Resources */ = {isa = PBXBuildFile; fileRef = F4CCDE032499709400AA7EBF /* quotes.json */; };
		F4CCDE0C2499772F00AA7EBF /* Savoye LET.ttf in Resources */ = {isa = PBXBuildFile; fileRef = F4CCDE0B2499772F00AA7EBF /* Savoye LET.ttf */; };
		F4CCDE0F2499823600AA7EBF /* ThoughtsView.swift in Sources */ = {isa = PBXBuildFile; fileRef = F4CCDE0E2499823600AA7EBF /* ThoughtsView.swift */; };
		F4FB5FDB249BBD970017F201 /* Quote.swift in Sources */ = {isa = PBXBuildFile; fileRef = F4FB5FDA249BBD970017F201 /* Quote.swift */; };
		F4FB5FDE249BC29B0017F201 /* QuotesController.swift in Sources */ = {isa = PBXBuildFile; fileRef = F4FB5FDD249BC29B0017F201 /* QuotesController.swift */; };
/* End PBXBuildFile section */

/* Begin PBXFileReference section */
		F420BAB7249AD243001E78A8 /* SettingsView.swift */ = {isa = PBXFileReference; lastKnownFileType = sourcecode.swift; path = SettingsView.swift; sourceTree = "<group>"; };
		F4CCDDEB24996CF500AA7EBF /* Thoughts.app */ = {isa = PBXFileReference; explicitFileType = wrapper.application; includeInIndex = 0; path = Thoughts.app; sourceTree = BUILT_PRODUCTS_DIR; };
		F4CCDDEE24996CF500AA7EBF /* AppDelegate.swift */ = {isa = PBXFileReference; lastKnownFileType = sourcecode.swift; path = AppDelegate.swift; sourceTree = "<group>"; };
		F4CCDDF024996CF500AA7EBF /* SceneDelegate.swift */ = {isa = PBXFileReference; lastKnownFileType = sourcecode.swift; path = SceneDelegate.swift; sourceTree = "<group>"; };
		F4CCDDF224996CF500AA7EBF /* ContentView.swift */ = {isa = PBXFileReference; lastKnownFileType = sourcecode.swift; path = ContentView.swift; sourceTree = "<group>"; };
		F4CCDDF424996CF900AA7EBF /* Assets.xcassets */ = {isa = PBXFileReference; lastKnownFileType = folder.assetcatalog; path = Assets.xcassets; sourceTree = "<group>"; };
		F4CCDDF724996CF900AA7EBF /* Preview Assets.xcassets */ = {isa = PBXFileReference; lastKnownFileType = folder.assetcatalog; path = "Preview Assets.xcassets"; sourceTree = "<group>"; };
		F4CCDDFA24996CF900AA7EBF /* Base */ = {isa = PBXFileReference; lastKnownFileType = file.storyboard; name = Base; path = Base.lproj/LaunchScreen.storyboard; sourceTree = "<group>"; };
		F4CCDDFC24996CF900AA7EBF /* Info.plist */ = {isa = PBXFileReference; lastKnownFileType = text.plist.xml; path = Info.plist; sourceTree = "<group>"; };
		F4CCDE032499709400AA7EBF /* quotes.json */ = {isa = PBXFileReference; fileEncoding = 4; lastKnownFileType = text.json; name = quotes.json; path = "../../../../../Downloads/Arquivos Pensamentos/quotes.json"; sourceTree = "<group>"; };
		F4CCDE0B2499772F00AA7EBF /* Savoye LET.ttf */ = {isa = PBXFileReference; lastKnownFileType = file; name = "Savoye LET.ttf"; path = "../../../../../Downloads/Savoye LET.ttf"; sourceTree = "<group>"; };
		F4CCDE0E2499823600AA7EBF /* ThoughtsView.swift */ = {isa = PBXFileReference; lastKnownFileType = sourcecode.swift; path = ThoughtsView.swift; sourceTree = "<group>"; wrapsLines = 0; };
		F4FB5FDA249BBD970017F201 /* Quote.swift */ = {isa = PBXFileReference; lastKnownFileType = sourcecode.swift; path = Quote.swift; sourceTree = "<group>"; };
		F4FB5FDD249BC29B0017F201 /* QuotesController.swift */ = {isa = PBXFileReference; lastKnownFileType = sourcecode.swift; path = QuotesController.swift; sourceTree = "<group>"; };
/* End PBXFileReference section */

/* Begin PBXFrameworksBuildPhase section */
		F4CCDDE824996CF500AA7EBF /* Frameworks */ = {
			isa = PBXFrameworksBuildPhase;
			buildActionMask = 2147483647;
			files = (
			);
			runOnlyForDeploymentPostprocessing = 0;
		};
/* End PBXFrameworksBuildPhase section */

/* Begin PBXGroup section */
		F4CCDDE224996CF500AA7EBF = {
			isa = PBXGroup;
			children = (
				F4CCDDED24996CF500AA7EBF /* Thoughts */,
				F4CCDDEC24996CF500AA7EBF /* Products */,
			);
			sourceTree = "<group>";
		};
		F4CCDDEC24996CF500AA7EBF /* Products */ = {
			isa = PBXGroup;
			children = (
				F4CCDDEB24996CF500AA7EBF /* Thoughts.app */,
			);
			name = Products;
			sourceTree = "<group>";
		};
		F4CCDDED24996CF500AA7EBF /* Thoughts */ = {
			isa = PBXGroup;
			children = (
				F4CCDDEE24996CF500AA7EBF /* AppDelegate.swift */,
				F4CCDDF024996CF500AA7EBF /* SceneDelegate.swift */,
				F4CCDE07249974C500AA7EBF /* Fonts */,
				F4CCDE022499706900AA7EBF /* Files */,
				F4FB5FD9249BBCE30017F201 /* Models */,
				F4CCDE0D2499819F00AA7EBF /* Views */,
				F4FB5FDC249BC2650017F201 /* Controller */,
				F4CCDDF424996CF900AA7EBF /* Assets.xcassets */,
				F4CCDDFC24996CF900AA7EBF /* Info.plist */,
				F4CCDDF624996CF900AA7EBF /* Preview Content */,
			);
			path = Thoughts;
			sourceTree = "<group>";
		};
		F4CCDDF624996CF900AA7EBF /* Preview Content */ = {
			isa = PBXGroup;
			children = (
				F4CCDDF724996CF900AA7EBF /* Preview Assets.xcassets */,
			);
			path = "Preview Content";
			sourceTree = "<group>";
		};
		F4CCDE022499706900AA7EBF /* Files */ = {
			isa = PBXGroup;
			children = (
				F4CCDE032499709400AA7EBF /* quotes.json */,
			);
			path = Files;
			sourceTree = "<group>";
		};
		F4CCDE07249974C500AA7EBF /* Fonts */ = {
			isa = PBXGroup;
			children = (
				F4CCDE0B2499772F00AA7EBF /* Savoye LET.ttf */,
			);
			path = Fonts;
			sourceTree = "<group>";
		};
		F4CCDE0D2499819F00AA7EBF /* Views */ = {
			isa = PBXGroup;
			children = (
				F4CCDDF224996CF500AA7EBF /* ContentView.swift */,
				F4CCDE0E2499823600AA7EBF /* ThoughtsView.swift */,
				F4CCDDF924996CF900AA7EBF /* LaunchScreen.storyboard */,
				F420BAB7249AD243001E78A8 /* SettingsView.swift */,
			);
			path = Views;
			sourceTree = "<group>";
		};
		F4FB5FD9249BBCE30017F201 /* Models */ = {
			isa = PBXGroup;
			children = (
				F4FB5FDA249BBD970017F201 /* Quote.swift */,
			);
			path = Models;
			sourceTree = "<group>";
		};
		F4FB5FDC249BC2650017F201 /* Controller */ = {
			isa = PBXGroup;
			children = (
				F4FB5FDD249BC29B0017F201 /* QuotesController.swift */,
			);
			path = Controller;
			sourceTree = "<group>";
		};
/* End PBXGroup section */

/* Begin PBXNativeTarget section */
		F4CCDDEA24996CF500AA7EBF /* Thoughts */ = {
			isa = PBXNativeTarget;
			buildConfigurationList = F4CCDDFF24996CF900AA7EBF /* Build configuration list for PBXNativeTarget "Thoughts" */;
			buildPhases = (
				F4CCDDE724996CF500AA7EBF /* Sources */,
				F4CCDDE824996CF500AA7EBF /* Frameworks */,
				F4CCDDE924996CF500AA7EBF /* Resources */,
			);
			buildRules = (
			);
			dependencies = (
			);
			name = Thoughts;
			productName = Thoughts;
			productReference = F4CCDDEB24996CF500AA7EBF /* Thoughts.app */;
			productType = "com.apple.product-type.application";
		};
/* End PBXNativeTarget section */

/* Begin PBXProject section */
		F4CCDDE324996CF500AA7EBF /* Project object */ = {
			isa = PBXProject;
			attributes = {
				LastSwiftUpdateCheck = 1150;
				LastUpgradeCheck = 1150;
				ORGANIZATIONNAME = "MR de Araujo";
				TargetAttributes = {
					F4CCDDEA24996CF500AA7EBF = {
						CreatedOnToolsVersion = 11.5;
					};
				};
			};
			buildConfigurationList = F4CCDDE624996CF500AA7EBF /* Build configuration list for PBXProject "Thoughts" */;
			compatibilityVersion = "Xcode 9.3";
			developmentRegion = en;
			hasScannedForEncodings = 0;
			knownRegions = (
				en,
				Base,
			);
			mainGroup = F4CCDDE224996CF500AA7EBF;
			productRefGroup = F4CCDDEC24996CF500AA7EBF /* Products */;
			projectDirPath = "";
			projectRoot = "";
			targets = (
				F4CCDDEA24996CF500AA7EBF /* Thoughts */,
			);
		};
/* End PBXProject section */

/* Begin PBXResourcesBuildPhase section */
		F4CCDDE924996CF500AA7EBF /* Resources */ = {
			isa = PBXResourcesBuildPhase;
			buildActionMask = 2147483647;
			files = (
				F4CCDE052499709500AA7EBF /* quotes.json in Resources */,
				F4CCDDFB24996CF900AA7EBF /* LaunchScreen.storyboard in Resources */,
				F4CCDE0C2499772F00AA7EBF /* Savoye LET.ttf in Resources */,
				F4CCDDF824996CF900AA7EBF /* Preview Assets.xcassets in Resources */,
				F4CCDDF524996CF900AA7EBF /* Assets.xcassets in Resources */,
			);
			runOnlyForDeploymentPostprocessing = 0;
		};
/* End PBXResourcesBuildPhase section */

/* Begin PBXSourcesBuildPhase section */
		F4CCDDE724996CF500AA7EBF /* Sources */ = {
			isa = PBXSourcesBuildPhase;
			buildActionMask = 2147483647;
			files = (
				F420BAB8249AD243001E78A8 /* SettingsView.swift in Sources */,
				F4CCDDEF24996CF500AA7EBF /* AppDelegate.swift in Sources */,
				F4CCDDF124996CF500AA7EBF /* SceneDelegate.swift in Sources */,
				F4CCDE0F2499823600AA7EBF /* ThoughtsView.swift in Sources */,
				F4FB5FDB249BBD970017F201 /* Quote.swift in Sources */,
				F4FB5FDE249BC29B0017F201 /* QuotesController.swift in Sources */,
				F4CCDDF324996CF500AA7EBF /* ContentView.swift in Sources */,
			);
			runOnlyForDeploymentPostprocessing = 0;
		};
/* End PBXSourcesBuildPhase section */

/* Begin PBXVariantGroup section */
		F4CCDDF924996CF900AA7EBF /* LaunchScreen.storyboard */ = {
			isa = PBXVariantGroup;
			children = (
				F4CCDDFA24996CF900AA7EBF /* Base */,
			);
			name = LaunchScreen.storyboard;
			sourceTree = "<group>";
		};
/* End PBXVariantGroup section */

/* Begin XCBuildConfiguration section */
		F4CCDDFD24996CF900AA7EBF /* Debug */ = {
			isa = XCBuildConfiguration;
			buildSettings = {
				ALWAYS_SEARCH_USER_PATHS = NO;
				CLANG_ANALYZER_NONNULL = YES;
				CLANG_ANALYZER_NUMBER_OBJECT_CONVERSION = YES_AGGRESSIVE;
				CLANG_CXX_LANGUAGE_STANDARD = "gnu++14";
				CLANG_CXX_LIBRARY = "libc++";
				CLANG_ENABLE_MODULES = YES;
				CLANG_ENABLE_OBJC_ARC = YES;
				CLANG_ENABLE_OBJC_WEAK = YES;
				CLANG_WARN_BLOCK_CAPTURE_AUTORELEASING = YES;
				CLANG_WARN_BOOL_CONVERSION = YES;
				CLANG_WARN_COMMA = YES;
				CLANG_WARN_CONSTANT_CONVERSION = YES;
				CLANG_WARN_DEPRECATED_OBJC_IMPLEMENTATIONS = YES;
				CLANG_WARN_DIRECT_OBJC_ISA_USAGE = YES_ERROR;
				CLANG_WARN_DOCUMENTATION_COMMENTS = YES;
				CLANG_WARN_EMPTY_BODY = YES;
				CLANG_WARN_ENUM_CONVERSION = YES;
				CLANG_WARN_INFINITE_RECURSION = YES;
				CLANG_WARN_INT_CONVERSION = YES;
				CLANG_WARN_NON_LITERAL_NULL_CONVERSION = YES;
				CLANG_WARN_OBJC_IMPLICIT_RETAIN_SELF = YES;
				CLANG_WARN_OBJC_LITERAL_CONVERSION = YES;
				CLANG_WARN_OBJC_ROOT_CLASS = YES_ERROR;
				CLANG_WARN_RANGE_LOOP_ANALYSIS = YES;
				CLANG_WARN_STRICT_PROTOTYPES = YES;
				CLANG_WARN_SUSPICIOUS_MOVE = YES;
				CLANG_WARN_UNGUARDED_AVAILABILITY = YES_AGGRESSIVE;
				CLANG_WARN_UNREACHABLE_CODE = YES;
				CLANG_WARN__DUPLICATE_METHOD_MATCH = YES;
				COPY_PHASE_STRIP = NO;
				DEBUG_INFORMATION_FORMAT = dwarf;
				ENABLE_STRICT_OBJC_MSGSEND = YES;
				ENABLE_TESTABILITY = YES;
				GCC_C_LANGUAGE_STANDARD = gnu11;
				GCC_DYNAMIC_NO_PIC = NO;
				GCC_NO_COMMON_BLOCKS = YES;
				GCC_OPTIMIZATION_LEVEL = 0;
				GCC_PREPROCESSOR_DEFINITIONS = (
					"DEBUG=1",
					"$(inherited)",
				);
				GCC_WARN_64_TO_32_BIT_CONVERSION = YES;
				GCC_WARN_ABOUT_RETURN_TYPE = YES_ERROR;
				GCC_WARN_UNDECLARED_SELECTOR = YES;
				GCC_WARN_UNINITIALIZED_AUTOS = YES_AGGRESSIVE;
				GCC_WARN_UNUSED_FUNCTION = YES;
				GCC_WARN_UNUSED_VARIABLE = YES;
				IPHONEOS_DEPLOYMENT_TARGET = 13.5;
				MTL_ENABLE_DEBUG_INFO = INCLUDE_SOURCE;
				MTL_FAST_MATH = YES;
				ONLY_ACTIVE_ARCH = YES;
				SDKROOT = iphoneos;
				SWIFT_ACTIVE_COMPILATION_CONDITIONS = DEBUG;
				SWIFT_OPTIMIZATION_LEVEL = "-Onone";
			};
			name = Debug;
		};
		F4CCDDFE24996CF900AA7EBF /* Release */ = {
			isa = XCBuildConfiguration;
			buildSettings = {
				ALWAYS_SEARCH_USER_PATHS = NO;
				CLANG_ANALYZER_NONNULL = YES;
				CLANG_ANALYZER_NUMBER_OBJECT_CONVERSION = YES_AGGRESSIVE;
				CLANG_CXX_LANGUAGE_STANDARD = "gnu++14";
				CLANG_CXX_LIBRARY = "libc++";
				CLANG_ENABLE_MODULES = YES;
				CLANG_ENABLE_OBJC_ARC = YES;
				CLANG_ENABLE_OBJC_WEAK = YES;
				CLANG_WARN_BLOCK_CAPTURE_AUTORELEASING = YES;
				CLANG_WARN_BOOL_CONVERSION = YES;
				CLANG_WARN_COMMA = YES;
				CLANG_WARN_CONSTANT_CONVERSION = YES;
				CLANG_WARN_DEPRECATED_OBJC_IMPLEMENTATIONS = YES;
				CLANG_WARN_DIRECT_OBJC_ISA_USAGE = YES_ERROR;
				CLANG_WARN_DOCUMENTATION_COMMENTS = YES;
				CLANG_WARN_EMPTY_BODY = YES;
				CLANG_WARN_ENUM_CONVERSION = YES;
				CLANG_WARN_INFINITE_RECURSION = YES;
				CLANG_WARN_INT_CONVERSION = YES;
				CLANG_WARN_NON_LITERAL_NULL_CONVERSION = YES;
				CLANG_WARN_OBJC_IMPLICIT_RETAIN_SELF = YES;
				CLANG_WARN_OBJC_LITERAL_CONVERSION = YES;
				CLANG_WARN_OBJC_ROOT_CLASS = YES_ERROR;
				CLANG_WARN_RANGE_LOOP_ANALYSIS = YES;
				CLANG_WARN_STRICT_PROTOTYPES = YES;
				CLANG_WARN_SUSPICIOUS_MOVE = YES;
				CLANG_WARN_UNGUARDED_AVAILABILITY = YES_AGGRESSIVE;
				CLANG_WARN_UNREACHABLE_CODE = YES;
				CLANG_WARN__DUPLICATE_METHOD_MATCH = YES;
				COPY_PHASE_STRIP = NO;
				DEBUG_INFORMATION_FORMAT = "dwarf-with-dsym";
				ENABLE_NS_ASSERTIONS = NO;
				ENABLE_STRICT_OBJC_MSGSEND = YES;
				GCC_C_LANGUAGE_STANDARD = gnu11;
				GCC_NO_COMMON_BLOCKS = YES;
				GCC_WARN_64_TO_32_BIT_CONVERSION = YES;
				GCC_WARN_ABOUT_RETURN_TYPE = YES_ERROR;
				GCC_WARN_UNDECLARED_SELECTOR = YES;
				GCC_WARN_UNINITIALIZED_AUTOS = YES_AGGRESSIVE;
				GCC_WARN_UNUSED_FUNCTION = YES;
				GCC_WARN_UNUSED_VARIABLE = YES;
				IPHONEOS_DEPLOYMENT_TARGET = 13.5;
				MTL_ENABLE_DEBUG_INFO = NO;
				MTL_FAST_MATH = YES;
				SDKROOT = iphoneos;
				SWIFT_COMPILATION_MODE = wholemodule;
				SWIFT_OPTIMIZATION_LEVEL = "-O";
				VALIDATE_PRODUCT = YES;
			};
			name = Release;
		};
		F4CCDE0024996CF900AA7EBF /* Debug */ = {
			isa = XCBuildConfiguration;
			buildSettings = {
				ASSETCATALOG_COMPILER_APPICON_NAME = AppIcon;
				CODE_SIGN_STYLE = Automatic;
				DEVELOPMENT_ASSET_PATHS = "\"Thoughts/Preview Content\"";
				DEVELOPMENT_TEAM = C97V5ZU9S5;
				ENABLE_PREVIEWS = YES;
				INFOPLIST_FILE = Thoughts/Info.plist;
				LD_RUNPATH_SEARCH_PATHS = (
					"$(inherited)",
					"@executable_path/Frameworks",
				);
				PRODUCT_BUNDLE_IDENTIFIER = "com.mr-araujo.Thoughts";
				PRODUCT_NAME = "$(TARGET_NAME)";
				SWIFT_VERSION = 5.0;
				TARGETED_DEVICE_FAMILY = "1,2";
			};
			name = Debug;
		};
		F4CCDE0124996CF900AA7EBF /* Release */ = {
			isa = XCBuildConfiguration;
			buildSettings = {
				ASSETCATALOG_COMPILER_APPICON_NAME = AppIcon;
				CODE_SIGN_STYLE = Automatic;
				DEVELOPMENT_ASSET_PATHS = "\"Thoughts/Preview Content\"";
				DEVELOPMENT_TEAM = C97V5ZU9S5;
				ENABLE_PREVIEWS = YES;
				INFOPLIST_FILE = Thoughts/Info.plist;
				LD_RUNPATH_SEARCH_PATHS = (
					"$(inherited)",
					"@executable_path/Frameworks",
				);
				PRODUCT_BUNDLE_IDENTIFIER = "com.mr-araujo.Thoughts";
				PRODUCT_NAME = "$(TARGET_NAME)";
				SWIFT_VERSION = 5.0;
				TARGETED_DEVICE_FAMILY = "1,2";
			};
			name = Release;
		};
/* End XCBuildConfiguration section */

/* Begin XCConfigurationList section */
		F4CCDDE624996CF500AA7EBF /* Build configuration list for PBXProject "Thoughts" */ = {
			isa = XCConfigurationList;
			buildConfigurations = (
				F4CCDDFD24996CF900AA7EBF /* Debug */,
				F4CCDDFE24996CF900AA7EBF /* Release */,
			);
			defaultConfigurationIsVisible = 0;
			defaultConfigurationName = Release;
		};
		F4CCDDFF24996CF900AA7EBF /* Build configuration list for PBXNativeTarget "Thoughts" */ = {
			isa = XCConfigurationList;
			buildConfigurations = (
				F4CCDE0024996CF900AA7EBF /* Debug */,
				F4CCDE0124996CF900AA7EBF /* Release */,
			);
			defaultConfigurationIsVisible = 0;
			defaultConfigurationName = Release;
		};
/* End XCConfigurationList section */
	};
	rootObject = F4CCDDE324996CF500AA7EBF /* Project object */;
}
